// !$*UTF8*$!
{
	archiveVersion = 1;
	classes = {
	};
	objectVersion = 55;
	objects = {

/* Begin PBXBuildFile section */
		47CEA0673BC925513680622E /* Pods_P_10_RecipleaseTests.framework in Frameworks */ = {isa = PBXBuildFile; fileRef = 9543B82A3C5B4CFFE882963A /* Pods_P_10_RecipleaseTests.framework */; };
		8C76AC87AF8A8A68E2CDAD8F /* Pods_P_10_Reciplease.framework in Frameworks */ = {isa = PBXBuildFile; fileRef = 7BA89C88E44C39BBCCA1A63D /* Pods_P_10_Reciplease.framework */; };
		D601DC47274A7B6B0013BA09 /* Extensions.swift in Sources */ = {isa = PBXBuildFile; fileRef = D601DC46274A7B6B0013BA09 /* Extensions.swift */; };
		D616117F274D523700E3E5C4 /* RecipeData.swift in Sources */ = {isa = PBXBuildFile; fileRef = D616117E274D523700E3E5C4 /* RecipeData.swift */; };
		D63A7E1B2738284A001DA263 /* AppDelegate.swift in Sources */ = {isa = PBXBuildFile; fileRef = D63A7E1A2738284A001DA263 /* AppDelegate.swift */; };
		D63A7E1D2738284A001DA263 /* SceneDelegate.swift in Sources */ = {isa = PBXBuildFile; fileRef = D63A7E1C2738284A001DA263 /* SceneDelegate.swift */; };
		D63A7E222738284A001DA263 /* Main.storyboard in Resources */ = {isa = PBXBuildFile; fileRef = D63A7E202738284A001DA263 /* Main.storyboard */; };
		D63A7E252738284A001DA263 /* P_10_Reciplease.xcdatamodeld in Sources */ = {isa = PBXBuildFile; fileRef = D63A7E232738284A001DA263 /* P_10_Reciplease.xcdatamodeld */; };
		D63A7E272738284B001DA263 /* Assets.xcassets in Resources */ = {isa = PBXBuildFile; fileRef = D63A7E262738284B001DA263 /* Assets.xcassets */; };
		D63A7E2A2738284B001DA263 /* LaunchScreen.storyboard in Resources */ = {isa = PBXBuildFile; fileRef = D63A7E282738284B001DA263 /* LaunchScreen.storyboard */; };
		D63A7E352738284C001DA263 /* P_10_RecipleaseTests.swift in Sources */ = {isa = PBXBuildFile; fileRef = D63A7E342738284C001DA263 /* P_10_RecipleaseTests.swift */; };
		D659F3802745DAA7003D8D57 /* RecipeResponse.swift in Sources */ = {isa = PBXBuildFile; fileRef = D659F37F2745DAA7003D8D57 /* RecipeResponse.swift */; };
		D659F3822745DAC1003D8D57 /* RecipesService.swift in Sources */ = {isa = PBXBuildFile; fileRef = D659F3812745DAC1003D8D57 /* RecipesService.swift */; };
		D675D3642749AF6100D2CB9B /* RecipeTableViewCell.xib in Resources */ = {isa = PBXBuildFile; fileRef = D675D3632749AF6100D2CB9B /* RecipeTableViewCell.xib */; };
		D675D3662749B48E00D2CB9B /* RecipeTableViewCell.swift in Sources */ = {isa = PBXBuildFile; fileRef = D675D3652749B48E00D2CB9B /* RecipeTableViewCell.swift */; };
		D678AC1B27485ED000FFDE6E /* NetworkSession.swift in Sources */ = {isa = PBXBuildFile; fileRef = D678AC1A27485ED000FFDE6E /* NetworkSession.swift */; };
		D678AC1D27486EAF00FFDE6E /* EdamamAPI.swift in Sources */ = {isa = PBXBuildFile; fileRef = D678AC1C27486EAF00FFDE6E /* EdamamAPI.swift */; };
		D6794E912758FB470043CD9F /* Recipes.json in Resources */ = {isa = PBXBuildFile; fileRef = D6794E902758FB470043CD9F /* Recipes.json */; };
		D6794E932758FC590043CD9F /* MockResponseData.swift in Sources */ = {isa = PBXBuildFile; fileRef = D6794E922758FC590043CD9F /* MockResponseData.swift */; };
		D6794E95275929D60043CD9F /* MockSession.swift in Sources */ = {isa = PBXBuildFile; fileRef = D6794E94275929D60043CD9F /* MockSession.swift */; };
		D68151AF2759A3E100A21FE3 /* MockCoreDataTask.swift in Sources */ = {isa = PBXBuildFile; fileRef = D68151AE2759A3E100A21FE3 /* MockCoreDataTask.swift */; };
		D68151B12759A41E00A21FE3 /* CoreDataTestCase.swift in Sources */ = {isa = PBXBuildFile; fileRef = D68151B02759A41E00A21FE3 /* CoreDataTestCase.swift */; };
		D69D5165275042740078B7E4 /* CoreDataManager.swift in Sources */ = {isa = PBXBuildFile; fileRef = D69D5164275042740078B7E4 /* CoreDataManager.swift */; };
		D6B8580D2745557E00948B4B /* ListViewController.swift in Sources */ = {isa = PBXBuildFile; fileRef = D6B8580C2745557E00948B4B /* ListViewController.swift */; };
		D6D9D0F62746BAF600421715 /* DetailRecipeViewController.swift in Sources */ = {isa = PBXBuildFile; fileRef = D6D9D0F52746BAF600421715 /* DetailRecipeViewController.swift */; };
		D6E3EFF3275A67A4003E5A51 /* CoreDataStack.swift in Sources */ = {isa = PBXBuildFile; fileRef = D6E3EFF2275A67A4003E5A51 /* CoreDataStack.swift */; };
		D6EBE4142743E4BF00858523 /* HomeViewController.swift in Sources */ = {isa = PBXBuildFile; fileRef = D6EBE4132743E4BF00858523 /* HomeViewController.swift */; };
		D6EBE4162743E4D100858523 /* FavoriteViewController.swift in Sources */ = {isa = PBXBuildFile; fileRef = D6EBE4152743E4D100858523 /* FavoriteViewController.swift */; };
/* End PBXBuildFile section */

/* Begin PBXContainerItemProxy section */
		D63A7E312738284B001DA263 /* PBXContainerItemProxy */ = {
			isa = PBXContainerItemProxy;
			containerPortal = D63A7E0F2738284A001DA263 /* Project object */;
			proxyType = 1;
			remoteGlobalIDString = D63A7E162738284A001DA263;
			remoteInfo = "P.10 Reciplease";
		};
/* End PBXContainerItemProxy section */

/* Begin PBXFileReference section */
		2FD6F5FB679B9F7A4760BF65 /* Pods-P.10 Reciplease-P.10 RecipleaseUITests.debug.xcconfig */ = {isa = PBXFileReference; includeInIndex = 1; lastKnownFileType = text.xcconfig; name = "Pods-P.10 Reciplease-P.10 RecipleaseUITests.debug.xcconfig"; path = "Target Support Files/Pods-P.10 Reciplease-P.10 RecipleaseUITests/Pods-P.10 Reciplease-P.10 RecipleaseUITests.debug.xcconfig"; sourceTree = "<group>"; };
		406B1963902C3A3196DFC1C5 /* Pods-P.10 Reciplease.debug.xcconfig */ = {isa = PBXFileReference; includeInIndex = 1; lastKnownFileType = text.xcconfig; name = "Pods-P.10 Reciplease.debug.xcconfig"; path = "Target Support Files/Pods-P.10 Reciplease/Pods-P.10 Reciplease.debug.xcconfig"; sourceTree = "<group>"; };
		7BA89C88E44C39BBCCA1A63D /* Pods_P_10_Reciplease.framework */ = {isa = PBXFileReference; explicitFileType = wrapper.framework; includeInIndex = 0; path = Pods_P_10_Reciplease.framework; sourceTree = BUILT_PRODUCTS_DIR; };
		9543B82A3C5B4CFFE882963A /* Pods_P_10_RecipleaseTests.framework */ = {isa = PBXFileReference; explicitFileType = wrapper.framework; includeInIndex = 0; path = Pods_P_10_RecipleaseTests.framework; sourceTree = BUILT_PRODUCTS_DIR; };
		9729B76F75B238F76FACBC34 /* Pods-P.10 Reciplease-P.10 RecipleaseUITests.release.xcconfig */ = {isa = PBXFileReference; includeInIndex = 1; lastKnownFileType = text.xcconfig; name = "Pods-P.10 Reciplease-P.10 RecipleaseUITests.release.xcconfig"; path = "Target Support Files/Pods-P.10 Reciplease-P.10 RecipleaseUITests/Pods-P.10 Reciplease-P.10 RecipleaseUITests.release.xcconfig"; sourceTree = "<group>"; };
		CD480B14398E8DF77FC59148 /* Pods-P.10 RecipleaseTests.release.xcconfig */ = {isa = PBXFileReference; includeInIndex = 1; lastKnownFileType = text.xcconfig; name = "Pods-P.10 RecipleaseTests.release.xcconfig"; path = "Target Support Files/Pods-P.10 RecipleaseTests/Pods-P.10 RecipleaseTests.release.xcconfig"; sourceTree = "<group>"; };
		D601DC46274A7B6B0013BA09 /* Extensions.swift */ = {isa = PBXFileReference; lastKnownFileType = sourcecode.swift; path = Extensions.swift; sourceTree = "<group>"; };
		D616117E274D523700E3E5C4 /* RecipeData.swift */ = {isa = PBXFileReference; lastKnownFileType = sourcecode.swift; path = RecipeData.swift; sourceTree = "<group>"; };
		D63A7E172738284A001DA263 /* P.10 Reciplease.app */ = {isa = PBXFileReference; explicitFileType = wrapper.application; includeInIndex = 0; path = "P.10 Reciplease.app"; sourceTree = BUILT_PRODUCTS_DIR; };
		D63A7E1A2738284A001DA263 /* AppDelegate.swift */ = {isa = PBXFileReference; lastKnownFileType = sourcecode.swift; path = AppDelegate.swift; sourceTree = "<group>"; };
		D63A7E1C2738284A001DA263 /* SceneDelegate.swift */ = {isa = PBXFileReference; lastKnownFileType = sourcecode.swift; path = SceneDelegate.swift; sourceTree = "<group>"; };
		D63A7E212738284A001DA263 /* Base */ = {isa = PBXFileReference; lastKnownFileType = file.storyboard; name = Base; path = Base.lproj/Main.storyboard; sourceTree = "<group>"; };
		D63A7E242738284A001DA263 /* P_10_Reciplease.xcdatamodel */ = {isa = PBXFileReference; lastKnownFileType = wrapper.xcdatamodel; path = P_10_Reciplease.xcdatamodel; sourceTree = "<group>"; };
		D63A7E262738284B001DA263 /* Assets.xcassets */ = {isa = PBXFileReference; lastKnownFileType = folder.assetcatalog; path = Assets.xcassets; sourceTree = "<group>"; };
		D63A7E292738284B001DA263 /* Base */ = {isa = PBXFileReference; lastKnownFileType = file.storyboard; name = Base; path = Base.lproj/LaunchScreen.storyboard; sourceTree = "<group>"; };
		D63A7E2B2738284B001DA263 /* Info.plist */ = {isa = PBXFileReference; lastKnownFileType = text.plist.xml; path = Info.plist; sourceTree = "<group>"; };
		D63A7E302738284B001DA263 /* P.10 RecipleaseTests.xctest */ = {isa = PBXFileReference; explicitFileType = wrapper.cfbundle; includeInIndex = 0; path = "P.10 RecipleaseTests.xctest"; sourceTree = BUILT_PRODUCTS_DIR; };
		D63A7E342738284C001DA263 /* P_10_RecipleaseTests.swift */ = {isa = PBXFileReference; lastKnownFileType = sourcecode.swift; path = P_10_RecipleaseTests.swift; sourceTree = "<group>"; };
		D659F37F2745DAA7003D8D57 /* RecipeResponse.swift */ = {isa = PBXFileReference; lastKnownFileType = sourcecode.swift; path = RecipeResponse.swift; sourceTree = "<group>"; };
		D659F3812745DAC1003D8D57 /* RecipesService.swift */ = {isa = PBXFileReference; lastKnownFileType = sourcecode.swift; path = RecipesService.swift; sourceTree = "<group>"; };
		D675D3632749AF6100D2CB9B /* RecipeTableViewCell.xib */ = {isa = PBXFileReference; lastKnownFileType = file.xib; path = RecipeTableViewCell.xib; sourceTree = "<group>"; };
		D675D3652749B48E00D2CB9B /* RecipeTableViewCell.swift */ = {isa = PBXFileReference; lastKnownFileType = sourcecode.swift; path = RecipeTableViewCell.swift; sourceTree = "<group>"; };
		D678AC1A27485ED000FFDE6E /* NetworkSession.swift */ = {isa = PBXFileReference; lastKnownFileType = sourcecode.swift; path = NetworkSession.swift; sourceTree = "<group>"; };
		D678AC1C27486EAF00FFDE6E /* EdamamAPI.swift */ = {isa = PBXFileReference; lastKnownFileType = sourcecode.swift; path = EdamamAPI.swift; sourceTree = "<group>"; };
		D6794E902758FB470043CD9F /* Recipes.json */ = {isa = PBXFileReference; lastKnownFileType = text.json; path = Recipes.json; sourceTree = "<group>"; };
		D6794E922758FC590043CD9F /* MockResponseData.swift */ = {isa = PBXFileReference; lastKnownFileType = sourcecode.swift; path = MockResponseData.swift; sourceTree = "<group>"; };
		D6794E94275929D60043CD9F /* MockSession.swift */ = {isa = PBXFileReference; lastKnownFileType = sourcecode.swift; path = MockSession.swift; sourceTree = "<group>"; };
		D68151AE2759A3E100A21FE3 /* MockCoreDataTask.swift */ = {isa = PBXFileReference; lastKnownFileType = sourcecode.swift; path = MockCoreDataTask.swift; sourceTree = "<group>"; };
		D68151B02759A41E00A21FE3 /* CoreDataTestCase.swift */ = {isa = PBXFileReference; lastKnownFileType = sourcecode.swift; path = CoreDataTestCase.swift; sourceTree = "<group>"; };
		D69D5164275042740078B7E4 /* CoreDataManager.swift */ = {isa = PBXFileReference; lastKnownFileType = sourcecode.swift; path = CoreDataManager.swift; sourceTree = "<group>"; };
		D6B8580C2745557E00948B4B /* ListViewController.swift */ = {isa = PBXFileReference; lastKnownFileType = sourcecode.swift; path = ListViewController.swift; sourceTree = "<group>"; };
		D6D9D0F52746BAF600421715 /* DetailRecipeViewController.swift */ = {isa = PBXFileReference; lastKnownFileType = sourcecode.swift; path = DetailRecipeViewController.swift; sourceTree = "<group>"; };
		D6E3EFF2275A67A4003E5A51 /* CoreDataStack.swift */ = {isa = PBXFileReference; lastKnownFileType = sourcecode.swift; path = CoreDataStack.swift; sourceTree = "<group>"; };
		D6EBE4132743E4BF00858523 /* HomeViewController.swift */ = {isa = PBXFileReference; lastKnownFileType = sourcecode.swift; path = HomeViewController.swift; sourceTree = "<group>"; };
		D6EBE4152743E4D100858523 /* FavoriteViewController.swift */ = {isa = PBXFileReference; lastKnownFileType = sourcecode.swift; path = FavoriteViewController.swift; sourceTree = "<group>"; };
		E21345B9E6900FF172BE2A61 /* Pods-P.10 Reciplease.release.xcconfig */ = {isa = PBXFileReference; includeInIndex = 1; lastKnownFileType = text.xcconfig; name = "Pods-P.10 Reciplease.release.xcconfig"; path = "Target Support Files/Pods-P.10 Reciplease/Pods-P.10 Reciplease.release.xcconfig"; sourceTree = "<group>"; };
		EC86A652DFF4A8EBA06E90F7 /* Pods-P.10 RecipleaseTests.debug.xcconfig */ = {isa = PBXFileReference; includeInIndex = 1; lastKnownFileType = text.xcconfig; name = "Pods-P.10 RecipleaseTests.debug.xcconfig"; path = "Target Support Files/Pods-P.10 RecipleaseTests/Pods-P.10 RecipleaseTests.debug.xcconfig"; sourceTree = "<group>"; };
/* End PBXFileReference section */

/* Begin PBXFrameworksBuildPhase section */
		D63A7E142738284A001DA263 /* Frameworks */ = {
			isa = PBXFrameworksBuildPhase;
			buildActionMask = 2147483647;
			files = (
				8C76AC87AF8A8A68E2CDAD8F /* Pods_P_10_Reciplease.framework in Frameworks */,
			);
			runOnlyForDeploymentPostprocessing = 0;
		};
		D63A7E2D2738284B001DA263 /* Frameworks */ = {
			isa = PBXFrameworksBuildPhase;
			buildActionMask = 2147483647;
			files = (
				47CEA0673BC925513680622E /* Pods_P_10_RecipleaseTests.framework in Frameworks */,
			);
			runOnlyForDeploymentPostprocessing = 0;
		};
/* End PBXFrameworksBuildPhase section */

/* Begin PBXGroup section */
		3103BB379D5BFEC2FD9FDE55 /* Pods */ = {
			isa = PBXGroup;
			children = (
				406B1963902C3A3196DFC1C5 /* Pods-P.10 Reciplease.debug.xcconfig */,
				E21345B9E6900FF172BE2A61 /* Pods-P.10 Reciplease.release.xcconfig */,
				2FD6F5FB679B9F7A4760BF65 /* Pods-P.10 Reciplease-P.10 RecipleaseUITests.debug.xcconfig */,
				9729B76F75B238F76FACBC34 /* Pods-P.10 Reciplease-P.10 RecipleaseUITests.release.xcconfig */,
				EC86A652DFF4A8EBA06E90F7 /* Pods-P.10 RecipleaseTests.debug.xcconfig */,
				CD480B14398E8DF77FC59148 /* Pods-P.10 RecipleaseTests.release.xcconfig */,
			);
			path = Pods;
			sourceTree = "<group>";
		};
		7E2E99970C1AD0BADA74BE4A /* Frameworks */ = {
			isa = PBXGroup;
			children = (
				7BA89C88E44C39BBCCA1A63D /* Pods_P_10_Reciplease.framework */,
				9543B82A3C5B4CFFE882963A /* Pods_P_10_RecipleaseTests.framework */,
			);
			name = Frameworks;
			sourceTree = "<group>";
		};
		D601DC45274A7A790013BA09 /* Extensions files */ = {
			isa = PBXGroup;
			children = (
				D678AC1C27486EAF00FFDE6E /* EdamamAPI.swift */,
				D601DC46274A7B6B0013BA09 /* Extensions.swift */,
			);
			path = "Extensions files";
			sourceTree = "<group>";
		};
		D63A7E0E2738284A001DA263 = {
			isa = PBXGroup;
			children = (
				D63A7E192738284A001DA263 /* P.10 Reciplease */,
				D63A7E332738284B001DA263 /* P.10 RecipleaseTests */,
				D63A7E182738284A001DA263 /* Products */,
				3103BB379D5BFEC2FD9FDE55 /* Pods */,
				7E2E99970C1AD0BADA74BE4A /* Frameworks */,
			);
			sourceTree = "<group>";
		};
		D63A7E182738284A001DA263 /* Products */ = {
			isa = PBXGroup;
			children = (
				D63A7E172738284A001DA263 /* P.10 Reciplease.app */,
				D63A7E302738284B001DA263 /* P.10 RecipleaseTests.xctest */,
			);
			name = Products;
			sourceTree = "<group>";
		};
		D63A7E192738284A001DA263 /* P.10 Reciplease */ = {
			isa = PBXGroup;
			children = (
				D63A7E2B2738284B001DA263 /* Info.plist */,
				D63A7E50273828BD001DA263 /* Supporting Files */,
				D601DC45274A7A790013BA09 /* Extensions files */,
				D63A7E4D27382886001DA263 /* Model */,
				D63A7E4E273828A4001DA263 /* View */,
				D63A7E4F273828AB001DA263 /* Controller */,
			);
			path = "P.10 Reciplease";
			sourceTree = "<group>";
		};
		D63A7E332738284B001DA263 /* P.10 RecipleaseTests */ = {
			isa = PBXGroup;
			children = (
				D68151AD2759868D00A21FE3 /* Core Data Tests */,
				D68151AC2759868000A21FE3 /* Network Tests */,
			);
			path = "P.10 RecipleaseTests";
			sourceTree = "<group>";
		};
		D63A7E4D27382886001DA263 /* Model */ = {
			isa = PBXGroup;
			children = (
				D688D731274F17CC00B58B25 /* Network Service */,
				D688D730274F17C100B58B25 /* Core Data */,
			);
			path = Model;
			sourceTree = "<group>";
		};
		D63A7E4E273828A4001DA263 /* View */ = {
			isa = PBXGroup;
			children = (
				D63A7E282738284B001DA263 /* LaunchScreen.storyboard */,
				D63A7E202738284A001DA263 /* Main.storyboard */,
				D675D3632749AF6100D2CB9B /* RecipeTableViewCell.xib */,
				D675D3652749B48E00D2CB9B /* RecipeTableViewCell.swift */,
			);
			path = View;
			sourceTree = "<group>";
		};
		D63A7E4F273828AB001DA263 /* Controller */ = {
			isa = PBXGroup;
			children = (
				D6B8580C2745557E00948B4B /* ListViewController.swift */,
				D6EBE4132743E4BF00858523 /* HomeViewController.swift */,
				D6D9D0F52746BAF600421715 /* DetailRecipeViewController.swift */,
				D6EBE4152743E4D100858523 /* FavoriteViewController.swift */,
			);
			path = Controller;
			sourceTree = "<group>";
		};
		D63A7E50273828BD001DA263 /* Supporting Files */ = {
			isa = PBXGroup;
			children = (
				D63A7E1A2738284A001DA263 /* AppDelegate.swift */,
				D63A7E1C2738284A001DA263 /* SceneDelegate.swift */,
				D63A7E262738284B001DA263 /* Assets.xcassets */,
			);
			path = "Supporting Files";
			sourceTree = "<group>";
		};
		D68151AC2759868000A21FE3 /* Network Tests */ = {
			isa = PBXGroup;
			children = (
				D63A7E342738284C001DA263 /* P_10_RecipleaseTests.swift */,
				D6794E902758FB470043CD9F /* Recipes.json */,
				D6794E922758FC590043CD9F /* MockResponseData.swift */,
				D6794E94275929D60043CD9F /* MockSession.swift */,
			);
			path = "Network Tests";
			sourceTree = "<group>";
		};
		D68151AD2759868D00A21FE3 /* Core Data Tests */ = {
			isa = PBXGroup;
			children = (
				D68151AE2759A3E100A21FE3 /* MockCoreDataTask.swift */,
				D68151B02759A41E00A21FE3 /* CoreDataTestCase.swift */,
			);
			path = "Core Data Tests";
			sourceTree = "<group>";
		};
		D688D730274F17C100B58B25 /* Core Data */ = {
			isa = PBXGroup;
			children = (
				D63A7E232738284A001DA263 /* P_10_Reciplease.xcdatamodeld */,
				D69D5164275042740078B7E4 /* CoreDataManager.swift */,
				D6E3EFF2275A67A4003E5A51 /* CoreDataStack.swift */,
			);
			path = "Core Data";
			sourceTree = "<group>";
		};
		D688D731274F17CC00B58B25 /* Network Service */ = {
			isa = PBXGroup;
			children = (
				D659F3812745DAC1003D8D57 /* RecipesService.swift */,
				D659F37F2745DAA7003D8D57 /* RecipeResponse.swift */,
				D678AC1A27485ED000FFDE6E /* NetworkSession.swift */,
				D616117E274D523700E3E5C4 /* RecipeData.swift */,
			);
			path = "Network Service";
			sourceTree = "<group>";
		};
/* End PBXGroup section */

/* Begin PBXNativeTarget section */
		D63A7E162738284A001DA263 /* P.10 Reciplease */ = {
			isa = PBXNativeTarget;
			buildConfigurationList = D63A7E442738284C001DA263 /* Build configuration list for PBXNativeTarget "P.10 Reciplease" */;
			buildPhases = (
				83EE8E696C209D4E6A98C501 /* [CP] Check Pods Manifest.lock */,
				D63A7E132738284A001DA263 /* Sources */,
				D63A7E142738284A001DA263 /* Frameworks */,
				D63A7E152738284A001DA263 /* Resources */,
				C4E7BAF1FF84A8CFF06E558D /* [CP] Embed Pods Frameworks */,
			);
			buildRules = (
			);
			dependencies = (
			);
			name = "P.10 Reciplease";
			productName = "P.10 Reciplease";
			productReference = D63A7E172738284A001DA263 /* P.10 Reciplease.app */;
			productType = "com.apple.product-type.application";
		};
		D63A7E2F2738284B001DA263 /* P.10 RecipleaseTests */ = {
			isa = PBXNativeTarget;
			buildConfigurationList = D63A7E472738284C001DA263 /* Build configuration list for PBXNativeTarget "P.10 RecipleaseTests" */;
			buildPhases = (
				9128B20115942383934202F1 /* [CP] Check Pods Manifest.lock */,
				D63A7E2C2738284B001DA263 /* Sources */,
				D63A7E2D2738284B001DA263 /* Frameworks */,
				D63A7E2E2738284B001DA263 /* Resources */,
			);
			buildRules = (
			);
			dependencies = (
				D63A7E322738284B001DA263 /* PBXTargetDependency */,
			);
			name = "P.10 RecipleaseTests";
			productName = "P.10 RecipleaseTests";
			productReference = D63A7E302738284B001DA263 /* P.10 RecipleaseTests.xctest */;
			productType = "com.apple.product-type.bundle.unit-test";
		};
/* End PBXNativeTarget section */

/* Begin PBXProject section */
		D63A7E0F2738284A001DA263 /* Project object */ = {
			isa = PBXProject;
			attributes = {
				BuildIndependentTargetsInParallel = 1;
				LastSwiftUpdateCheck = 1310;
				LastUpgradeCheck = 1310;
				TargetAttributes = {
					D63A7E162738284A001DA263 = {
						CreatedOnToolsVersion = 13.1;
					};
					D63A7E2F2738284B001DA263 = {
						CreatedOnToolsVersion = 13.1;
						TestTargetID = D63A7E162738284A001DA263;
					};
				};
			};
			buildConfigurationList = D63A7E122738284A001DA263 /* Build configuration list for PBXProject "P.10 Reciplease" */;
			compatibilityVersion = "Xcode 13.0";
			developmentRegion = en;
			hasScannedForEncodings = 0;
			knownRegions = (
				en,
				Base,
			);
			mainGroup = D63A7E0E2738284A001DA263;
			productRefGroup = D63A7E182738284A001DA263 /* Products */;
			projectDirPath = "";
			projectRoot = "";
			targets = (
				D63A7E162738284A001DA263 /* P.10 Reciplease */,
				D63A7E2F2738284B001DA263 /* P.10 RecipleaseTests */,
			);
		};
/* End PBXProject section */

/* Begin PBXResourcesBuildPhase section */
		D63A7E152738284A001DA263 /* Resources */ = {
			isa = PBXResourcesBuildPhase;
			buildActionMask = 2147483647;
			files = (
				D63A7E2A2738284B001DA263 /* LaunchScreen.storyboard in Resources */,
				D63A7E272738284B001DA263 /* Assets.xcassets in Resources */,
				D63A7E222738284A001DA263 /* Main.storyboard in Resources */,
				D675D3642749AF6100D2CB9B /* RecipeTableViewCell.xib in Resources */,
			);
			runOnlyForDeploymentPostprocessing = 0;
		};
		D63A7E2E2738284B001DA263 /* Resources */ = {
			isa = PBXResourcesBuildPhase;
			buildActionMask = 2147483647;
			files = (
				D6794E912758FB470043CD9F /* Recipes.json in Resources */,
			);
			runOnlyForDeploymentPostprocessing = 0;
		};
/* End PBXResourcesBuildPhase section */

/* Begin PBXShellScriptBuildPhase section */
		83EE8E696C209D4E6A98C501 /* [CP] Check Pods Manifest.lock */ = {
			isa = PBXShellScriptBuildPhase;
			buildActionMask = 2147483647;
			files = (
			);
			inputFileListPaths = (
			);
			inputPaths = (
				"${PODS_PODFILE_DIR_PATH}/Podfile.lock",
				"${PODS_ROOT}/Manifest.lock",
			);
			name = "[CP] Check Pods Manifest.lock";
			outputFileListPaths = (
			);
			outputPaths = (
				"$(DERIVED_FILE_DIR)/Pods-P.10 Reciplease-checkManifestLockResult.txt",
			);
			runOnlyForDeploymentPostprocessing = 0;
			shellPath = /bin/sh;
			shellScript = "diff \"${PODS_PODFILE_DIR_PATH}/Podfile.lock\" \"${PODS_ROOT}/Manifest.lock\" > /dev/null\nif [ $? != 0 ] ; then\n    # print error to STDERR\n    echo \"error: The sandbox is not in sync with the Podfile.lock. Run 'pod install' or update your CocoaPods installation.\" >&2\n    exit 1\nfi\n# This output is used by Xcode 'outputs' to avoid re-running this script phase.\necho \"SUCCESS\" > \"${SCRIPT_OUTPUT_FILE_0}\"\n";
			showEnvVarsInLog = 0;
		};
		9128B20115942383934202F1 /* [CP] Check Pods Manifest.lock */ = {
			isa = PBXShellScriptBuildPhase;
			buildActionMask = 2147483647;
			files = (
			);
			inputFileListPaths = (
			);
			inputPaths = (
				"${PODS_PODFILE_DIR_PATH}/Podfile.lock",
				"${PODS_ROOT}/Manifest.lock",
			);
			name = "[CP] Check Pods Manifest.lock";
			outputFileListPaths = (
			);
			outputPaths = (
				"$(DERIVED_FILE_DIR)/Pods-P.10 RecipleaseTests-checkManifestLockResult.txt",
			);
			runOnlyForDeploymentPostprocessing = 0;
			shellPath = /bin/sh;
			shellScript = "diff \"${PODS_PODFILE_DIR_PATH}/Podfile.lock\" \"${PODS_ROOT}/Manifest.lock\" > /dev/null\nif [ $? != 0 ] ; then\n    # print error to STDERR\n    echo \"error: The sandbox is not in sync with the Podfile.lock. Run 'pod install' or update your CocoaPods installation.\" >&2\n    exit 1\nfi\n# This output is used by Xcode 'outputs' to avoid re-running this script phase.\necho \"SUCCESS\" > \"${SCRIPT_OUTPUT_FILE_0}\"\n";
			showEnvVarsInLog = 0;
		};
		C4E7BAF1FF84A8CFF06E558D /* [CP] Embed Pods Frameworks */ = {
			isa = PBXShellScriptBuildPhase;
			buildActionMask = 2147483647;
			files = (
			);
			inputFileListPaths = (
				"${PODS_ROOT}/Target Support Files/Pods-P.10 Reciplease/Pods-P.10 Reciplease-frameworks-${CONFIGURATION}-input-files.xcfilelist",
			);
			name = "[CP] Embed Pods Frameworks";
			outputFileListPaths = (
				"${PODS_ROOT}/Target Support Files/Pods-P.10 Reciplease/Pods-P.10 Reciplease-frameworks-${CONFIGURATION}-output-files.xcfilelist",
			);
			runOnlyForDeploymentPostprocessing = 0;
			shellPath = /bin/sh;
			shellScript = "\"${PODS_ROOT}/Target Support Files/Pods-P.10 Reciplease/Pods-P.10 Reciplease-frameworks.sh\"\n";
			showEnvVarsInLog = 0;
		};
/* End PBXShellScriptBuildPhase section */

/* Begin PBXSourcesBuildPhase section */
		D63A7E132738284A001DA263 /* Sources */ = {
			isa = PBXSourcesBuildPhase;
			buildActionMask = 2147483647;
			files = (
				D63A7E252738284A001DA263 /* P_10_Reciplease.xcdatamodeld in Sources */,
				D6D9D0F62746BAF600421715 /* DetailRecipeViewController.swift in Sources */,
				D63A7E1B2738284A001DA263 /* AppDelegate.swift in Sources */,
				D675D3662749B48E00D2CB9B /* RecipeTableViewCell.swift in Sources */,
				D6E3EFF3275A67A4003E5A51 /* CoreDataStack.swift in Sources */,
				D659F3802745DAA7003D8D57 /* RecipeResponse.swift in Sources */,
				D659F3822745DAC1003D8D57 /* RecipesService.swift in Sources */,
				D678AC1D27486EAF00FFDE6E /* EdamamAPI.swift in Sources */,
				D6B8580D2745557E00948B4B /* ListViewController.swift in Sources */,
				D6EBE4142743E4BF00858523 /* HomeViewController.swift in Sources */,
				D69D5165275042740078B7E4 /* CoreDataManager.swift in Sources */,
				D63A7E1D2738284A001DA263 /* SceneDelegate.swift in Sources */,
				D678AC1B27485ED000FFDE6E /* NetworkSession.swift in Sources */,
				D616117F274D523700E3E5C4 /* RecipeData.swift in Sources */,
				D601DC47274A7B6B0013BA09 /* Extensions.swift in Sources */,
				D6EBE4162743E4D100858523 /* FavoriteViewController.swift in Sources */,
			);
			runOnlyForDeploymentPostprocessing = 0;
		};
		D63A7E2C2738284B001DA263 /* Sources */ = {
			isa = PBXSourcesBuildPhase;
			buildActionMask = 2147483647;
			files = (
				D6794E95275929D60043CD9F /* MockSession.swift in Sources */,
				D68151AF2759A3E100A21FE3 /* MockCoreDataTask.swift in Sources */,
				D6794E932758FC590043CD9F /* MockResponseData.swift in Sources */,
				D68151B12759A41E00A21FE3 /* CoreDataTestCase.swift in Sources */,
				D63A7E352738284C001DA263 /* P_10_RecipleaseTests.swift in Sources */,
			);
			runOnlyForDeploymentPostprocessing = 0;
		};
/* End PBXSourcesBuildPhase section */

/* Begin PBXTargetDependency section */
		D63A7E322738284B001DA263 /* PBXTargetDependency */ = {
			isa = PBXTargetDependency;
			target = D63A7E162738284A001DA263 /* P.10 Reciplease */;
			targetProxy = D63A7E312738284B001DA263 /* PBXContainerItemProxy */;
		};
/* End PBXTargetDependency section */

/* Begin PBXVariantGroup section */
		D63A7E202738284A001DA263 /* Main.storyboard */ = {
			isa = PBXVariantGroup;
			children = (
				D63A7E212738284A001DA263 /* Base */,
			);
			name = Main.storyboard;
			sourceTree = "<group>";
		};
		D63A7E282738284B001DA263 /* LaunchScreen.storyboard */ = {
			isa = PBXVariantGroup;
			children = (
				D63A7E292738284B001DA263 /* Base */,
			);
			name = LaunchScreen.storyboard;
			sourceTree = "<group>";
		};
/* End PBXVariantGroup section */

/* Begin XCBuildConfiguration section */
		D63A7E422738284C001DA263 /* Debug */ = {
			isa = XCBuildConfiguration;
			buildSettings = {
				ALWAYS_SEARCH_USER_PATHS = NO;
				CLANG_ANALYZER_NONNULL = YES;
				CLANG_ANALYZER_NUMBER_OBJECT_CONVERSION = YES_AGGRESSIVE;
				CLANG_CXX_LANGUAGE_STANDARD = "gnu++17";
				CLANG_CXX_LIBRARY = "libc++";
				CLANG_ENABLE_MODULES = YES;
				CLANG_ENABLE_OBJC_ARC = YES;
				CLANG_ENABLE_OBJC_WEAK = YES;
				CLANG_WARN_BLOCK_CAPTURE_AUTORELEASING = YES;
				CLANG_WARN_BOOL_CONVERSION = YES;
				CLANG_WARN_COMMA = YES;
				CLANG_WARN_CONSTANT_CONVERSION = YES;
				CLANG_WARN_DEPRECATED_OBJC_IMPLEMENTATIONS = YES;
				CLANG_WARN_DIRECT_OBJC_ISA_USAGE = YES_ERROR;
				CLANG_WARN_DOCUMENTATION_COMMENTS = YES;
				CLANG_WARN_EMPTY_BODY = YES;
				CLANG_WARN_ENUM_CONVERSION = YES;
				CLANG_WARN_INFINITE_RECURSION = YES;
				CLANG_WARN_INT_CONVERSION = YES;
				CLANG_WARN_NON_LITERAL_NULL_CONVERSION = YES;
				CLANG_WARN_OBJC_IMPLICIT_RETAIN_SELF = YES;
				CLANG_WARN_OBJC_LITERAL_CONVERSION = YES;
				CLANG_WARN_OBJC_ROOT_CLASS = YES_ERROR;
				CLANG_WARN_QUOTED_INCLUDE_IN_FRAMEWORK_HEADER = YES;
				CLANG_WARN_RANGE_LOOP_ANALYSIS = YES;
				CLANG_WARN_STRICT_PROTOTYPES = YES;
				CLANG_WARN_SUSPICIOUS_MOVE = YES;
				CLANG_WARN_UNGUARDED_AVAILABILITY = YES_AGGRESSIVE;
				CLANG_WARN_UNREACHABLE_CODE = YES;
				CLANG_WARN__DUPLICATE_METHOD_MATCH = YES;
				COPY_PHASE_STRIP = NO;
				DEBUG_INFORMATION_FORMAT = dwarf;
				ENABLE_STRICT_OBJC_MSGSEND = YES;
				ENABLE_TESTABILITY = YES;
				GCC_C_LANGUAGE_STANDARD = gnu11;
				GCC_DYNAMIC_NO_PIC = NO;
				GCC_NO_COMMON_BLOCKS = YES;
				GCC_OPTIMIZATION_LEVEL = 0;
				GCC_PREPROCESSOR_DEFINITIONS = (
					"DEBUG=1",
					"$(inherited)",
				);
				GCC_WARN_64_TO_32_BIT_CONVERSION = YES;
				GCC_WARN_ABOUT_RETURN_TYPE = YES_ERROR;
				GCC_WARN_UNDECLARED_SELECTOR = YES;
				GCC_WARN_UNINITIALIZED_AUTOS = YES_AGGRESSIVE;
				GCC_WARN_UNUSED_FUNCTION = YES;
				GCC_WARN_UNUSED_VARIABLE = YES;
				IPHONEOS_DEPLOYMENT_TARGET = 15.0;
				MTL_ENABLE_DEBUG_INFO = INCLUDE_SOURCE;
				MTL_FAST_MATH = YES;
				ONLY_ACTIVE_ARCH = YES;
				SDKROOT = iphoneos;
				SWIFT_ACTIVE_COMPILATION_CONDITIONS = DEBUG;
				SWIFT_OPTIMIZATION_LEVEL = "-Onone";
			};
			name = Debug;
		};
		D63A7E432738284C001DA263 /* Release */ = {
			isa = XCBuildConfiguration;
			buildSettings = {
				ALWAYS_SEARCH_USER_PATHS = NO;
				CLANG_ANALYZER_NONNULL = YES;
				CLANG_ANALYZER_NUMBER_OBJECT_CONVERSION = YES_AGGRESSIVE;
				CLANG_CXX_LANGUAGE_STANDARD = "gnu++17";
				CLANG_CXX_LIBRARY = "libc++";
				CLANG_ENABLE_MODULES = YES;
				CLANG_ENABLE_OBJC_ARC = YES;
				CLANG_ENABLE_OBJC_WEAK = YES;
				CLANG_WARN_BLOCK_CAPTURE_AUTORELEASING = YES;
				CLANG_WARN_BOOL_CONVERSION = YES;
				CLANG_WARN_COMMA = YES;
				CLANG_WARN_CONSTANT_CONVERSION = YES;
				CLANG_WARN_DEPRECATED_OBJC_IMPLEMENTATIONS = YES;
				CLANG_WARN_DIRECT_OBJC_ISA_USAGE = YES_ERROR;
				CLANG_WARN_DOCUMENTATION_COMMENTS = YES;
				CLANG_WARN_EMPTY_BODY = YES;
				CLANG_WARN_ENUM_CONVERSION = YES;
				CLANG_WARN_INFINITE_RECURSION = YES;
				CLANG_WARN_INT_CONVERSION = YES;
				CLANG_WARN_NON_LITERAL_NULL_CONVERSION = YES;
				CLANG_WARN_OBJC_IMPLICIT_RETAIN_SELF = YES;
				CLANG_WARN_OBJC_LITERAL_CONVERSION = YES;
				CLANG_WARN_OBJC_ROOT_CLASS = YES_ERROR;
				CLANG_WARN_QUOTED_INCLUDE_IN_FRAMEWORK_HEADER = YES;
				CLANG_WARN_RANGE_LOOP_ANALYSIS = YES;
				CLANG_WARN_STRICT_PROTOTYPES = YES;
				CLANG_WARN_SUSPICIOUS_MOVE = YES;
				CLANG_WARN_UNGUARDED_AVAILABILITY = YES_AGGRESSIVE;
				CLANG_WARN_UNREACHABLE_CODE = YES;
				CLANG_WARN__DUPLICATE_METHOD_MATCH = YES;
				COPY_PHASE_STRIP = NO;
				DEBUG_INFORMATION_FORMAT = "dwarf-with-dsym";
				ENABLE_NS_ASSERTIONS = NO;
				ENABLE_STRICT_OBJC_MSGSEND = YES;
				GCC_C_LANGUAGE_STANDARD = gnu11;
				GCC_NO_COMMON_BLOCKS = YES;
				GCC_WARN_64_TO_32_BIT_CONVERSION = YES;
				GCC_WARN_ABOUT_RETURN_TYPE = YES_ERROR;
				GCC_WARN_UNDECLARED_SELECTOR = YES;
				GCC_WARN_UNINITIALIZED_AUTOS = YES_AGGRESSIVE;
				GCC_WARN_UNUSED_FUNCTION = YES;
				GCC_WARN_UNUSED_VARIABLE = YES;
				IPHONEOS_DEPLOYMENT_TARGET = 15.0;
				MTL_ENABLE_DEBUG_INFO = NO;
				MTL_FAST_MATH = YES;
				SDKROOT = iphoneos;
				SWIFT_COMPILATION_MODE = wholemodule;
				SWIFT_OPTIMIZATION_LEVEL = "-O";
				VALIDATE_PRODUCT = YES;
			};
			name = Release;
		};
		D63A7E452738284C001DA263 /* Debug */ = {
			isa = XCBuildConfiguration;
			baseConfigurationReference = 406B1963902C3A3196DFC1C5 /* Pods-P.10 Reciplease.debug.xcconfig */;
			buildSettings = {
				ASSETCATALOG_COMPILER_APPICON_NAME = AppIcon;
				ASSETCATALOG_COMPILER_GLOBAL_ACCENT_COLOR_NAME = AccentColor;
				CODE_SIGN_STYLE = Automatic;
				CURRENT_PROJECT_VERSION = 1;
				DEVELOPMENT_TEAM = 87JBRRQS37;
				GENERATE_INFOPLIST_FILE = YES;
				INFOPLIST_FILE = "P.10 Reciplease/Info.plist";
				INFOPLIST_KEY_UIApplicationSupportsIndirectInputEvents = YES;
				INFOPLIST_KEY_UILaunchStoryboardName = LaunchScreen;
				INFOPLIST_KEY_UIMainStoryboardFile = Main;
				INFOPLIST_KEY_UISupportedInterfaceOrientations_iPad = "UIInterfaceOrientationPortrait UIInterfaceOrientationPortraitUpsideDown UIInterfaceOrientationLandscapeLeft UIInterfaceOrientationLandscapeRight";
				INFOPLIST_KEY_UISupportedInterfaceOrientations_iPhone = "UIInterfaceOrientationPortrait UIInterfaceOrientationLandscapeLeft UIInterfaceOrientationLandscapeRight";
				LD_RUNPATH_SEARCH_PATHS = (
					"$(inherited)",
					"@executable_path/Frameworks",
				);
				MARKETING_VERSION = 1.0;
				PRODUCT_BUNDLE_IDENTIFIER = "com.fardiissihaka.P-10-Reciplease";
				PRODUCT_NAME = "$(TARGET_NAME)";
				SWIFT_EMIT_LOC_STRINGS = YES;
				SWIFT_VERSION = 5.0;
				TARGETED_DEVICE_FAMILY = "1,2";
			};
			name = Debug;
		};
		D63A7E462738284C001DA263 /* Release */ = {
			isa = XCBuildConfiguration;
			baseConfigurationReference = E21345B9E6900FF172BE2A61 /* Pods-P.10 Reciplease.release.xcconfig */;
			buildSettings = {
				ASSETCATALOG_COMPILER_APPICON_NAME = AppIcon;
				ASSETCATALOG_COMPILER_GLOBAL_ACCENT_COLOR_NAME = AccentColor;
				CODE_SIGN_STYLE = Automatic;
				CURRENT_PROJECT_VERSION = 1;
				DEVELOPMENT_TEAM = 87JBRRQS37;
				GENERATE_INFOPLIST_FILE = YES;
				INFOPLIST_FILE = "P.10 Reciplease/Info.plist";
				INFOPLIST_KEY_UIApplicationSupportsIndirectInputEvents = YES;
				INFOPLIST_KEY_UILaunchStoryboardName = LaunchScreen;
				INFOPLIST_KEY_UIMainStoryboardFile = Main;
				INFOPLIST_KEY_UISupportedInterfaceOrientations_iPad = "UIInterfaceOrientationPortrait UIInterfaceOrientationPortraitUpsideDown UIInterfaceOrientationLandscapeLeft UIInterfaceOrientationLandscapeRight";
				INFOPLIST_KEY_UISupportedInterfaceOrientations_iPhone = "UIInterfaceOrientationPortrait UIInterfaceOrientationLandscapeLeft UIInterfaceOrientationLandscapeRight";
				LD_RUNPATH_SEARCH_PATHS = (
					"$(inherited)",
					"@executable_path/Frameworks",
				);
				MARKETING_VERSION = 1.0;
				PRODUCT_BUNDLE_IDENTIFIER = "com.fardiissihaka.P-10-Reciplease";
				PRODUCT_NAME = "$(TARGET_NAME)";
				SWIFT_EMIT_LOC_STRINGS = YES;
				SWIFT_VERSION = 5.0;
				TARGETED_DEVICE_FAMILY = "1,2";
			};
			name = Release;
		};
		D63A7E482738284C001DA263 /* Debug */ = {
			isa = XCBuildConfiguration;
			baseConfigurationReference = EC86A652DFF4A8EBA06E90F7 /* Pods-P.10 RecipleaseTests.debug.xcconfig */;
			buildSettings = {
				ALWAYS_EMBED_SWIFT_STANDARD_LIBRARIES = YES;
				BUNDLE_LOADER = "$(TEST_HOST)";
				CODE_SIGN_STYLE = Automatic;
				CURRENT_PROJECT_VERSION = 1;
				DEVELOPMENT_TEAM = 87JBRRQS37;
				GENERATE_INFOPLIST_FILE = YES;
				IPHONEOS_DEPLOYMENT_TARGET = 15.0;
				LD_RUNPATH_SEARCH_PATHS = (
					"$(inherited)",
					"@executable_path/Frameworks",
					"@loader_path/Frameworks",
				);
				MARKETING_VERSION = 1.0;
				PRODUCT_BUNDLE_IDENTIFIER = "com.fardiissihaka.P-10-RecipleaseTests";
				PRODUCT_NAME = "$(TARGET_NAME)";
				SWIFT_EMIT_LOC_STRINGS = NO;
				SWIFT_VERSION = 5.0;
				TARGETED_DEVICE_FAMILY = "1,2";
				TEST_HOST = "$(BUILT_PRODUCTS_DIR)/P.10 Reciplease.app/P.10 Reciplease";
			};
			name = Debug;
		};
		D63A7E492738284C001DA263 /* Release */ = {
			isa = XCBuildConfiguration;
			baseConfigurationReference = CD480B14398E8DF77FC59148 /* Pods-P.10 RecipleaseTests.release.xcconfig */;
			buildSettings = {
				ALWAYS_EMBED_SWIFT_STANDARD_LIBRARIES = YES;
				BUNDLE_LOADER = "$(TEST_HOST)";
				CODE_SIGN_STYLE = Automatic;
				CURRENT_PROJECT_VERSION = 1;
				DEVELOPMENT_TEAM = 87JBRRQS37;
				GENERATE_INFOPLIST_FILE = YES;
				IPHONEOS_DEPLOYMENT_TARGET = 15.0;
				LD_RUNPATH_SEARCH_PATHS = (
					"$(inherited)",
					"@executable_path/Frameworks",
					"@loader_path/Frameworks",
				);
				MARKETING_VERSION = 1.0;
				PRODUCT_BUNDLE_IDENTIFIER = "com.fardiissihaka.P-10-RecipleaseTests";
				PRODUCT_NAME = "$(TARGET_NAME)";
				SWIFT_EMIT_LOC_STRINGS = NO;
				SWIFT_VERSION = 5.0;
				TARGETED_DEVICE_FAMILY = "1,2";
				TEST_HOST = "$(BUILT_PRODUCTS_DIR)/P.10 Reciplease.app/P.10 Reciplease";
			};
			name = Release;
		};
/* End XCBuildConfiguration section */

/* Begin XCConfigurationList section */
		D63A7E122738284A001DA263 /* Build configuration list for PBXProject "P.10 Reciplease" */ = {
			isa = XCConfigurationList;
			buildConfigurations = (
				D63A7E422738284C001DA263 /* Debug */,
				D63A7E432738284C001DA263 /* Release */,
			);
			defaultConfigurationIsVisible = 0;
			defaultConfigurationName = Release;
		};
		D63A7E442738284C001DA263 /* Build configuration list for PBXNativeTarget "P.10 Reciplease" */ = {
			isa = XCConfigurationList;
			buildConfigurations = (
				D63A7E452738284C001DA263 /* Debug */,
				D63A7E462738284C001DA263 /* Release */,
			);
			defaultConfigurationIsVisible = 0;
			defaultConfigurationName = Release;
		};
		D63A7E472738284C001DA263 /* Build configuration list for PBXNativeTarget "P.10 RecipleaseTests" */ = {
			isa = XCConfigurationList;
			buildConfigurations = (
				D63A7E482738284C001DA263 /* Debug */,
				D63A7E492738284C001DA263 /* Release */,
			);
			defaultConfigurationIsVisible = 0;
			defaultConfigurationName = Release;
		};
/* End XCConfigurationList section */

/* Begin XCVersionGroup section */
		D63A7E232738284A001DA263 /* P_10_Reciplease.xcdatamodeld */ = {
			isa = XCVersionGroup;
			children = (
				D63A7E242738284A001DA263 /* P_10_Reciplease.xcdatamodel */,
			);
			currentVersion = D63A7E242738284A001DA263 /* P_10_Reciplease.xcdatamodel */;
			path = P_10_Reciplease.xcdatamodeld;
			sourceTree = "<group>";
			versionGroupType = wrapper.xcdatamodel;
		};
/* End XCVersionGroup section */
	};
	rootObject = D63A7E0F2738284A001DA263 /* Project object */;
}
